
Microsoft Visual Studio Solution File, Format Version 12.00
# Visual Studio 15
VisualStudioVersion = 15.0.28307.329
MinimumVisualStudioVersion = 10.0.40219.1
Project("{FAE04EC0-301F-11D3-BF4B-00C04F79EFBC}") = "AlexaAzureFunctions", "AlexaAzureFunctions\AlexaAzureFunctions.csproj", "{AF221E9E-1F33-4E13-A00E-D4381293F0FA}"
EndProject
Global
	GlobalSection(SolutionConfigurationPlatforms) = preSolution
		Debug|Any CPU = Debug|Any CPU
		Release|Any CPU = Release|Any CPU
	EndGlobalSection
	GlobalSection(ProjectConfigurationPlatforms) = postSolution
		{AF221E9E-1F33-4E13-A00E-D4381293F0FA}.Debug|Any CPU.ActiveCfg = Debug|Any CPU
		{AF221E9E-1F33-4E13-A00E-D4381293F0FA}.Debug|Any CPU.Build.0 = Debug|Any CPU
		{AF221E9E-1F33-4E13-A00E-D4381293F0FA}.Release|Any CPU.ActiveCfg = Release|Any CPU
		{AF221E9E-1F33-4E13-A00E-D4381293F0FA}.Release|Any CPU.Build.0 = Release|Any CPU
	EndGlobalSection
	GlobalSection(SolutionProperties) = preSolution
		HideSolutionNode = FALSE
	EndGlobalSection
	GlobalSection(ExtensibilityGlobals) = postSolution
		SolutionGuid = {B4CFF6F3-9581-477C-AA54-A7DEA3D22B03}
	EndGlobalSection
EndGlobal
